// !$*UTF8*$!
{
	archiveVersion = 1;
	classes = {
	};
	objectVersion = 77;
	objects = {

/* Begin PBXBuildFile section */
		8383862E2D19906F000653A2 /* SpotifyiOS in Frameworks */ = {isa = PBXBuildFile; productRef = 8383862D2D19906F000653A2 /* SpotifyiOS */; };
/* End PBXBuildFile section */

/* Begin PBXContainerItemProxy section */
		83B2F7E02D1075D9002D3AEF /* PBXContainerItemProxy */ = {
			isa = PBXContainerItemProxy;
			containerPortal = 83B2F7C72D1075D8002D3AEF /* Project object */;
			proxyType = 1;
			remoteGlobalIDString = 83B2F7CE2D1075D8002D3AEF;
			remoteInfo = FocusLand;
		};
		83B2F7EA2D1075D9002D3AEF /* PBXContainerItemProxy */ = {
			isa = PBXContainerItemProxy;
			containerPortal = 83B2F7C72D1075D8002D3AEF /* Project object */;
			proxyType = 1;
			remoteGlobalIDString = 83B2F7CE2D1075D8002D3AEF;
			remoteInfo = FocusLand;
		};
/* End PBXContainerItemProxy section */

/* Begin PBXFileReference section */
		83B2F7CF2D1075D8002D3AEF /* FocusLand.app */ = {isa = PBXFileReference; explicitFileType = wrapper.application; includeInIndex = 0; path = FocusLand.app; sourceTree = BUILT_PRODUCTS_DIR; };
		83B2F7DF2D1075D9002D3AEF /* FocusLandTests.xctest */ = {isa = PBXFileReference; explicitFileType = wrapper.cfbundle; includeInIndex = 0; path = FocusLandTests.xctest; sourceTree = BUILT_PRODUCTS_DIR; };
		83B2F7E92D1075D9002D3AEF /* FocusLandUITests.xctest */ = {isa = PBXFileReference; explicitFileType = wrapper.cfbundle; includeInIndex = 0; path = FocusLandUITests.xctest; sourceTree = BUILT_PRODUCTS_DIR; };
/* End PBXFileReference section */

/* Begin PBXFileSystemSynchronizedBuildFileExceptionSet section */
		838386222D18C028000653A2 /* Exceptions for "FocusLand" folder in "FocusLand" target */ = {
			isa = PBXFileSystemSynchronizedBuildFileExceptionSet;
			membershipExceptions = (
				Info.plist,
			);
			target = 83B2F7CE2D1075D8002D3AEF /* FocusLand */;
		};
/* End PBXFileSystemSynchronizedBuildFileExceptionSet section */

/* Begin PBXFileSystemSynchronizedRootGroup section */
		83B2F7D12D1075D8002D3AEF /* FocusLand */ = {
			isa = PBXFileSystemSynchronizedRootGroup;
			exceptions = (
				838386222D18C028000653A2 /* Exceptions for "FocusLand" folder in "FocusLand" target */,
			);
			path = FocusLand;
			sourceTree = "<group>";
		};
		83B2F7E22D1075D9002D3AEF /* FocusLandTests */ = {
			isa = PBXFileSystemSynchronizedRootGroup;
			path = FocusLandTests;
			sourceTree = "<group>";
		};
		83B2F7EC2D1075D9002D3AEF /* FocusLandUITests */ = {
			isa = PBXFileSystemSynchronizedRootGroup;
			path = FocusLandUITests;
			sourceTree = "<group>";
		};
/* End PBXFileSystemSynchronizedRootGroup section */

/* Begin PBXFrameworksBuildPhase section */
		83B2F7CC2D1075D8002D3AEF /* Frameworks */ = {
			isa = PBXFrameworksBuildPhase;
			buildActionMask = 2147483647;
			files = (
				8383862E2D19906F000653A2 /* SpotifyiOS in Frameworks */,
			);
			runOnlyForDeploymentPostprocessing = 0;
		};
		83B2F7DC2D1075D9002D3AEF /* Frameworks */ = {
			isa = PBXFrameworksBuildPhase;
			buildActionMask = 2147483647;
			files = (
			);
			runOnlyForDeploymentPostprocessing = 0;
		};
		83B2F7E62D1075D9002D3AEF /* Frameworks */ = {
			isa = PBXFrameworksBuildPhase;
			buildActionMask = 2147483647;
			files = (
			);
			runOnlyForDeploymentPostprocessing = 0;
		};
/* End PBXFrameworksBuildPhase section */

/* Begin PBXGroup section */
		83B2F7C62D1075D8002D3AEF = {
			isa = PBXGroup;
			children = (
				83B2F7D12D1075D8002D3AEF /* FocusLand */,
				83B2F7E22D1075D9002D3AEF /* FocusLandTests */,
				83B2F7EC2D1075D9002D3AEF /* FocusLandUITests */,
				83B2F7D02D1075D8002D3AEF /* Products */,
			);
			sourceTree = "<group>";
		};
		83B2F7D02D1075D8002D3AEF /* Products */ = {
			isa = PBXGroup;
			children = (
				83B2F7CF2D1075D8002D3AEF /* FocusLand.app */,
				83B2F7DF2D1075D9002D3AEF /* FocusLandTests.xctest */,
				83B2F7E92D1075D9002D3AEF /* FocusLandUITests.xctest */,
			);
			name = Products;
			sourceTree = "<group>";
		};
/* End PBXGroup section */

/* Begin PBXNativeTarget section */
		83B2F7CE2D1075D8002D3AEF /* FocusLand */ = {
			isa = PBXNativeTarget;
			buildConfigurationList = 83B2F7F32D1075D9002D3AEF /* Build configuration list for PBXNativeTarget "FocusLand" */;
			buildPhases = (
				83B2F7CB2D1075D8002D3AEF /* Sources */,
				83B2F7CC2D1075D8002D3AEF /* Frameworks */,
				83B2F7CD2D1075D8002D3AEF /* Resources */,
			);
			buildRules = (
			);
			dependencies = (
			);
			fileSystemSynchronizedGroups = (
				83B2F7D12D1075D8002D3AEF /* FocusLand */,
			);
			name = FocusLand;
			packageProductDependencies = (
				8383862D2D19906F000653A2 /* SpotifyiOS */,
			);
			productName = FocusLand;
			productReference = 83B2F7CF2D1075D8002D3AEF /* FocusLand.app */;
			productType = "com.apple.product-type.application";
		};
		83B2F7DE2D1075D9002D3AEF /* FocusLandTests */ = {
			isa = PBXNativeTarget;
			buildConfigurationList = 83B2F7F62D1075D9002D3AEF /* Build configuration list for PBXNativeTarget "FocusLandTests" */;
			buildPhases = (
				83B2F7DB2D1075D9002D3AEF /* Sources */,
				83B2F7DC2D1075D9002D3AEF /* Frameworks */,
				83B2F7DD2D1075D9002D3AEF /* Resources */,
			);
			buildRules = (
			);
			dependencies = (
				83B2F7E12D1075D9002D3AEF /* PBXTargetDependency */,
			);
			fileSystemSynchronizedGroups = (
				83B2F7E22D1075D9002D3AEF /* FocusLandTests */,
			);
			name = FocusLandTests;
			packageProductDependencies = (
			);
			productName = FocusLandTests;
			productReference = 83B2F7DF2D1075D9002D3AEF /* FocusLandTests.xctest */;
			productType = "com.apple.product-type.bundle.unit-test";
		};
		83B2F7E82D1075D9002D3AEF /* FocusLandUITests */ = {
			isa = PBXNativeTarget;
			buildConfigurationList = 83B2F7F92D1075D9002D3AEF /* Build configuration list for PBXNativeTarget "FocusLandUITests" */;
			buildPhases = (
				83B2F7E52D1075D9002D3AEF /* Sources */,
				83B2F7E62D1075D9002D3AEF /* Frameworks */,
				83B2F7E72D1075D9002D3AEF /* Resources */,
			);
			buildRules = (
			);
			dependencies = (
				83B2F7EB2D1075D9002D3AEF /* PBXTargetDependency */,
			);
			fileSystemSynchronizedGroups = (
				83B2F7EC2D1075D9002D3AEF /* FocusLandUITests */,
			);
			name = FocusLandUITests;
			packageProductDependencies = (
			);
			productName = FocusLandUITests;
			productReference = 83B2F7E92D1075D9002D3AEF /* FocusLandUITests.xctest */;
			productType = "com.apple.product-type.bundle.ui-testing";
		};
/* End PBXNativeTarget section */

/* Begin PBXProject section */
		83B2F7C72D1075D8002D3AEF /* Project object */ = {
			isa = PBXProject;
			attributes = {
				BuildIndependentTargetsInParallel = 1;
				LastSwiftUpdateCheck = 1620;
				LastUpgradeCheck = 1620;
				TargetAttributes = {
					83B2F7CE2D1075D8002D3AEF = {
						CreatedOnToolsVersion = 16.2;
					};
					83B2F7DE2D1075D9002D3AEF = {
						CreatedOnToolsVersion = 16.2;
						TestTargetID = 83B2F7CE2D1075D8002D3AEF;
					};
					83B2F7E82D1075D9002D3AEF = {
						CreatedOnToolsVersion = 16.2;
						TestTargetID = 83B2F7CE2D1075D8002D3AEF;
					};
				};
			};
			buildConfigurationList = 83B2F7CA2D1075D8002D3AEF /* Build configuration list for PBXProject "FocusLand" */;
			developmentRegion = en;
			hasScannedForEncodings = 0;
			knownRegions = (
				en,
				Base,
			);
			mainGroup = 83B2F7C62D1075D8002D3AEF;
			minimizedProjectReferenceProxies = 1;
			packageReferences = (
				8383862C2D19906F000653A2 /* XCRemoteSwiftPackageReference "ios-sdk" */,
			);
			preferredProjectObjectVersion = 77;
			productRefGroup = 83B2F7D02D1075D8002D3AEF /* Products */;
			projectDirPath = "";
			projectRoot = "";
			targets = (
				83B2F7CE2D1075D8002D3AEF /* FocusLand */,
				83B2F7DE2D1075D9002D3AEF /* FocusLandTests */,
				83B2F7E82D1075D9002D3AEF /* FocusLandUITests */,
			);
		};
/* End PBXProject section */

/* Begin PBXResourcesBuildPhase section */
		83B2F7CD2D1075D8002D3AEF /* Resources */ = {
			isa = PBXResourcesBuildPhase;
			buildActionMask = 2147483647;
			files = (
			);
			runOnlyForDeploymentPostprocessing = 0;
		};
		83B2F7DD2D1075D9002D3AEF /* Resources */ = {
			isa = PBXResourcesBuildPhase;
			buildActionMask = 2147483647;
			files = (
			);
			runOnlyForDeploymentPostprocessing = 0;
		};
		83B2F7E72D1075D9002D3AEF /* Resources */ = {
			isa = PBXResourcesBuildPhase;
			buildActionMask = 2147483647;
			files = (
			);
			runOnlyForDeploymentPostprocessing = 0;
		};
/* End PBXResourcesBuildPhase section */

/* Begin PBXSourcesBuildPhase section */
		83B2F7CB2D1075D8002D3AEF /* Sources */ = {
			isa = PBXSourcesBuildPhase;
			buildActionMask = 2147483647;
			files = (
			);
			runOnlyForDeploymentPostprocessing = 0;
		};
		83B2F7DB2D1075D9002D3AEF /* Sources */ = {
			isa = PBXSourcesBuildPhase;
			buildActionMask = 2147483647;
			files = (
			);
			runOnlyForDeploymentPostprocessing = 0;
		};
		83B2F7E52D1075D9002D3AEF /* Sources */ = {
			isa = PBXSourcesBuildPhase;
			buildActionMask = 2147483647;
			files = (
			);
			runOnlyForDeploymentPostprocessing = 0;
		};
/* End PBXSourcesBuildPhase section */

/* Begin PBXTargetDependency section */
		83B2F7E12D1075D9002D3AEF /* PBXTargetDependency */ = {
			isa = PBXTargetDependency;
			target = 83B2F7CE2D1075D8002D3AEF /* FocusLand */;
			targetProxy = 83B2F7E02D1075D9002D3AEF /* PBXContainerItemProxy */;
		};
		83B2F7EB2D1075D9002D3AEF /* PBXTargetDependency */ = {
			isa = PBXTargetDependency;
			target = 83B2F7CE2D1075D8002D3AEF /* FocusLand */;
			targetProxy = 83B2F7EA2D1075D9002D3AEF /* PBXContainerItemProxy */;
		};
/* End PBXTargetDependency section */

/* Begin XCBuildConfiguration section */
		83B2F7F12D1075D9002D3AEF /* Debug */ = {
			isa = XCBuildConfiguration;
			buildSettings = {
				ALWAYS_SEARCH_USER_PATHS = NO;
				ASSETCATALOG_COMPILER_GENERATE_SWIFT_ASSET_SYMBOL_EXTENSIONS = YES;
				CLANG_ANALYZER_NONNULL = YES;
				CLANG_ANALYZER_NUMBER_OBJECT_CONVERSION = YES_AGGRESSIVE;
				CLANG_CXX_LANGUAGE_STANDARD = "gnu++20";
				CLANG_ENABLE_MODULES = YES;
				CLANG_ENABLE_OBJC_ARC = YES;
				CLANG_ENABLE_OBJC_WEAK = YES;
				CLANG_WARN_BLOCK_CAPTURE_AUTORELEASING = YES;
				CLANG_WARN_BOOL_CONVERSION = YES;
				CLANG_WARN_COMMA = YES;
				CLANG_WARN_CONSTANT_CONVERSION = YES;
				CLANG_WARN_DEPRECATED_OBJC_IMPLEMENTATIONS = YES;
				CLANG_WARN_DIRECT_OBJC_ISA_USAGE = YES_ERROR;
				CLANG_WARN_DOCUMENTATION_COMMENTS = YES;
				CLANG_WARN_EMPTY_BODY = YES;
				CLANG_WARN_ENUM_CONVERSION = YES;
				CLANG_WARN_INFINITE_RECURSION = YES;
				CLANG_WARN_INT_CONVERSION = YES;
				CLANG_WARN_NON_LITERAL_NULL_CONVERSION = YES;
				CLANG_WARN_OBJC_IMPLICIT_RETAIN_SELF = YES;
				CLANG_WARN_OBJC_LITERAL_CONVERSION = YES;
				CLANG_WARN_OBJC_ROOT_CLASS = YES_ERROR;
				CLANG_WARN_QUOTED_INCLUDE_IN_FRAMEWORK_HEADER = YES;
				CLANG_WARN_RANGE_LOOP_ANALYSIS = YES;
				CLANG_WARN_STRICT_PROTOTYPES = YES;
				CLANG_WARN_SUSPICIOUS_MOVE = YES;
				CLANG_WARN_UNGUARDED_AVAILABILITY = YES_AGGRESSIVE;
				CLANG_WARN_UNREACHABLE_CODE = YES;
				CLANG_WARN__DUPLICATE_METHOD_MATCH = YES;
				COPY_PHASE_STRIP = NO;
				DEBUG_INFORMATION_FORMAT = dwarf;
				ENABLE_STRICT_OBJC_MSGSEND = YES;
				ENABLE_TESTABILITY = YES;
				ENABLE_USER_SCRIPT_SANDBOXING = YES;
				GCC_C_LANGUAGE_STANDARD = gnu17;
				GCC_DYNAMIC_NO_PIC = NO;
				GCC_NO_COMMON_BLOCKS = YES;
				GCC_OPTIMIZATION_LEVEL = 0;
				GCC_PREPROCESSOR_DEFINITIONS = (
					"DEBUG=1",
					"$(inherited)",
				);
				GCC_WARN_64_TO_32_BIT_CONVERSION = YES;
				GCC_WARN_ABOUT_RETURN_TYPE = YES_ERROR;
				GCC_WARN_UNDECLARED_SELECTOR = YES;
				GCC_WARN_UNINITIALIZED_AUTOS = YES_AGGRESSIVE;
				GCC_WARN_UNUSED_FUNCTION = YES;
				GCC_WARN_UNUSED_VARIABLE = YES;
				IPHONEOS_DEPLOYMENT_TARGET = 18.2;
				LOCALIZATION_PREFERS_STRING_CATALOGS = YES;
				MTL_ENABLE_DEBUG_INFO = INCLUDE_SOURCE;
				MTL_FAST_MATH = YES;
				ONLY_ACTIVE_ARCH = YES;
				SDKROOT = iphoneos;
				SWIFT_ACTIVE_COMPILATION_CONDITIONS = "DEBUG $(inherited)";
				SWIFT_OPTIMIZATION_LEVEL = "-Onone";
			};
			name = Debug;
		};
		83B2F7F22D1075D9002D3AEF /* Release */ = {
			isa = XCBuildConfiguration;
			buildSettings = {
				ALWAYS_SEARCH_USER_PATHS = NO;
				ASSETCATALOG_COMPILER_GENERATE_SWIFT_ASSET_SYMBOL_EXTENSIONS = YES;
				CLANG_ANALYZER_NONNULL = YES;
				CLANG_ANALYZER_NUMBER_OBJECT_CONVERSION = YES_AGGRESSIVE;
				CLANG_CXX_LANGUAGE_STANDARD = "gnu++20";
				CLANG_ENABLE_MODULES = YES;
				CLANG_ENABLE_OBJC_ARC = YES;
				CLANG_ENABLE_OBJC_WEAK = YES;
				CLANG_WARN_BLOCK_CAPTURE_AUTORELEASING = YES;
				CLANG_WARN_BOOL_CONVERSION = YES;
				CLANG_WARN_COMMA = YES;
				CLANG_WARN_CONSTANT_CONVERSION = YES;
				CLANG_WARN_DEPRECATED_OBJC_IMPLEMENTATIONS = YES;
				CLANG_WARN_DIRECT_OBJC_ISA_USAGE = YES_ERROR;
				CLANG_WARN_DOCUMENTATION_COMMENTS = YES;
				CLANG_WARN_EMPTY_BODY = YES;
				CLANG_WARN_ENUM_CONVERSION = YES;
				CLANG_WARN_INFINITE_RECURSION = YES;
				CLANG_WARN_INT_CONVERSION = YES;
				CLANG_WARN_NON_LITERAL_NULL_CONVERSION = YES;
				CLANG_WARN_OBJC_IMPLICIT_RETAIN_SELF = YES;
				CLANG_WARN_OBJC_LITERAL_CONVERSION = YES;
				CLANG_WARN_OBJC_ROOT_CLASS = YES_ERROR;
				CLANG_WARN_QUOTED_INCLUDE_IN_FRAMEWORK_HEADER = YES;
				CLANG_WARN_RANGE_LOOP_ANALYSIS = YES;
				CLANG_WARN_STRICT_PROTOTYPES = YES;
				CLANG_WARN_SUSPICIOUS_MOVE = YES;
				CLANG_WARN_UNGUARDED_AVAILABILITY = YES_AGGRESSIVE;
				CLANG_WARN_UNREACHABLE_CODE = YES;
				CLANG_WARN__DUPLICATE_METHOD_MATCH = YES;
				COPY_PHASE_STRIP = NO;
				DEBUG_INFORMATION_FORMAT = "dwarf-with-dsym";
				ENABLE_NS_ASSERTIONS = NO;
				ENABLE_STRICT_OBJC_MSGSEND = YES;
				ENABLE_USER_SCRIPT_SANDBOXING = YES;
				GCC_C_LANGUAGE_STANDARD = gnu17;
				GCC_NO_COMMON_BLOCKS = YES;
				GCC_WARN_64_TO_32_BIT_CONVERSION = YES;
				GCC_WARN_ABOUT_RETURN_TYPE = YES_ERROR;
				GCC_WARN_UNDECLARED_SELECTOR = YES;
				GCC_WARN_UNINITIALIZED_AUTOS = YES_AGGRESSIVE;
				GCC_WARN_UNUSED_FUNCTION = YES;
				GCC_WARN_UNUSED_VARIABLE = YES;
				IPHONEOS_DEPLOYMENT_TARGET = 18.2;
				LOCALIZATION_PREFERS_STRING_CATALOGS = YES;
				MTL_ENABLE_DEBUG_INFO = NO;
				MTL_FAST_MATH = YES;
				SDKROOT = iphoneos;
				SWIFT_COMPILATION_MODE = wholemodule;
				VALIDATE_PRODUCT = YES;
			};
			name = Release;
		};
		83B2F7F42D1075D9002D3AEF /* Debug */ = {
			isa = XCBuildConfiguration;
			buildSettings = {
				ASSETCATALOG_COMPILER_APPICON_NAME = AppIcon;
				ASSETCATALOG_COMPILER_GLOBAL_ACCENT_COLOR_NAME = AccentColor;
				CODE_SIGN_ENTITLEMENTS = FocusLand/FocusLand.entitlements;
				CODE_SIGN_IDENTITY = "Apple Development";
				CODE_SIGN_STYLE = Automatic;
				CURRENT_PROJECT_VERSION = 1;
				DEVELOPMENT_ASSET_PATHS = "\"FocusLand/Preview Content\"";
				DEVELOPMENT_TEAM = 4R69QV6VC5;
				ENABLE_PREVIEWS = YES;
				GENERATE_INFOPLIST_FILE = YES;
				INFOPLIST_FILE = FocusLand/Info.plist;
				INFOPLIST_KEY_LSApplicationCategoryType = "";
				INFOPLIST_KEY_UIApplicationSceneManifest_Generation = YES;
				INFOPLIST_KEY_UIApplicationSupportsIndirectInputEvents = YES;
				INFOPLIST_KEY_UILaunchScreen_Generation = YES;
				INFOPLIST_KEY_UILaunchStoryboardName = "";
				INFOPLIST_KEY_UISupportedInterfaceOrientations_iPad = "UIInterfaceOrientationPortrait UIInterfaceOrientationPortraitUpsideDown UIInterfaceOrientationLandscapeLeft UIInterfaceOrientationLandscapeRight";
				INFOPLIST_KEY_UISupportedInterfaceOrientations_iPhone = "UIInterfaceOrientationPortrait UIInterfaceOrientationLandscapeLeft UIInterfaceOrientationLandscapeRight";
				IPHONEOS_DEPLOYMENT_TARGET = 17.0;
				LD_RUNPATH_SEARCH_PATHS = (
					"$(inherited)",
					"@executable_path/Frameworks",
				);
				MARKETING_VERSION = 1.0;
				OTHER_LDFLAGS = "-ObjC";
				PRODUCT_BUNDLE_IDENTIFIER = com.app.FocusLand;
				PRODUCT_NAME = "$(TARGET_NAME)";
				PROVISIONING_PROFILE_SPECIFIER = "";
				SWIFT_EMIT_LOC_STRINGS = YES;
				SWIFT_VERSION = 5.0;
				TARGETED_DEVICE_FAMILY = "1,2";
			};
			name = Debug;
		};
		83B2F7F52D1075D9002D3AEF /* Release */ = {
			isa = XCBuildConfiguration;
			buildSettings = {
				ASSETCATALOG_COMPILER_APPICON_NAME = AppIcon;
				ASSETCATALOG_COMPILER_GLOBAL_ACCENT_COLOR_NAME = AccentColor;
				CODE_SIGN_ENTITLEMENTS = FocusLand/FocusLand.entitlements;
				CODE_SIGN_IDENTITY = "Apple Development";
				CODE_SIGN_STYLE = Automatic;
				CURRENT_PROJECT_VERSION = 1;
				DEVELOPMENT_ASSET_PATHS = "\"FocusLand/Preview Content\"";
				DEVELOPMENT_TEAM = 4R69QV6VC5;
				ENABLE_PREVIEWS = YES;
				GENERATE_INFOPLIST_FILE = YES;
				INFOPLIST_FILE = FocusLand/Info.plist;
				INFOPLIST_KEY_LSApplicationCategoryType = "";
				INFOPLIST_KEY_UIApplicationSceneManifest_Generation = YES;
				INFOPLIST_KEY_UIApplicationSupportsIndirectInputEvents = YES;
				INFOPLIST_KEY_UILaunchScreen_Generation = YES;
				INFOPLIST_KEY_UILaunchStoryboardName = "";
				INFOPLIST_KEY_UISupportedInterfaceOrientations_iPad = "UIInterfaceOrientationPortrait UIInterfaceOrientationPortraitUpsideDown UIInterfaceOrientationLandscapeLeft UIInterfaceOrientationLandscapeRight";
				INFOPLIST_KEY_UISupportedInterfaceOrientations_iPhone = "UIInterfaceOrientationPortrait UIInterfaceOrientationLandscapeLeft UIInterfaceOrientationLandscapeRight";
				IPHONEOS_DEPLOYMENT_TARGET = 17.0;
				LD_RUNPATH_SEARCH_PATHS = (
					"$(inherited)",
					"@executable_path/Frameworks",
				);
				MARKETING_VERSION = 1.0;
				OTHER_LDFLAGS = "-ObjC";
				PRODUCT_BUNDLE_IDENTIFIER = com.app.FocusLand;
				PRODUCT_NAME = "$(TARGET_NAME)";
				PROVISIONING_PROFILE_SPECIFIER = "";
				SWIFT_EMIT_LOC_STRINGS = YES;
				SWIFT_VERSION = 5.0;
				TARGETED_DEVICE_FAMILY = "1,2";
			};
			name = Release;
		};
		83B2F7F72D1075D9002D3AEF /* Debug */ = {
			isa = XCBuildConfiguration;
			buildSettings = {
				BUNDLE_LOADER = "$(TEST_HOST)";
				CODE_SIGN_STYLE = Automatic;
				CURRENT_PROJECT_VERSION = 1;
				DEVELOPMENT_TEAM = 4R69QV6VC5;
				GENERATE_INFOPLIST_FILE = YES;
				IPHONEOS_DEPLOYMENT_TARGET = 17.0;
				MARKETING_VERSION = 1.0;
				PRODUCT_BUNDLE_IDENTIFIER = com.app.FocusLandTests;
				PRODUCT_NAME = "$(TARGET_NAME)";
				SWIFT_EMIT_LOC_STRINGS = NO;
				SWIFT_VERSION = 5.0;
				TARGETED_DEVICE_FAMILY = "1,2";
				TEST_HOST = "$(BUILT_PRODUCTS_DIR)/FocusLand.app/$(BUNDLE_EXECUTABLE_FOLDER_PATH)/FocusLand";
			};
			name = Debug;
		};
		83B2F7F82D1075D9002D3AEF /* Release */ = {
			isa = XCBuildConfiguration;
			buildSettings = {
				BUNDLE_LOADER = "$(TEST_HOST)";
				CODE_SIGN_STYLE = Automatic;
				CURRENT_PROJECT_VERSION = 1;
				DEVELOPMENT_TEAM = 4R69QV6VC5;
				GENERATE_INFOPLIST_FILE = YES;
				IPHONEOS_DEPLOYMENT_TARGET = 17.0;
				MARKETING_VERSION = 1.0;
				PRODUCT_BUNDLE_IDENTIFIER = com.app.FocusLandTests;
				PRODUCT_NAME = "$(TARGET_NAME)";
				SWIFT_EMIT_LOC_STRINGS = NO;
				SWIFT_VERSION = 5.0;
				TARGETED_DEVICE_FAMILY = "1,2";
				TEST_HOST = "$(BUILT_PRODUCTS_DIR)/FocusLand.app/$(BUNDLE_EXECUTABLE_FOLDER_PATH)/FocusLand";
			};
			name = Release;
		};
		83B2F7FA2D1075D9002D3AEF /* Debug */ = {
			isa = XCBuildConfiguration;
			buildSettings = {
				CODE_SIGN_STYLE = Automatic;
				CURRENT_PROJECT_VERSION = 1;
				DEVELOPMENT_TEAM = 4R69QV6VC5;
				GENERATE_INFOPLIST_FILE = YES;
				IPHONEOS_DEPLOYMENT_TARGET = 17.0;
				MARKETING_VERSION = 1.0;
				PRODUCT_BUNDLE_IDENTIFIER = com.app.FocusLandUITests;
				PRODUCT_NAME = "$(TARGET_NAME)";
				SWIFT_EMIT_LOC_STRINGS = NO;
				SWIFT_VERSION = 5.0;
				TARGETED_DEVICE_FAMILY = "1,2";
				TEST_TARGET_NAME = FocusLand;
			};
			name = Debug;
		};
		83B2F7FB2D1075D9002D3AEF /* Release */ = {
			isa = XCBuildConfiguration;
			buildSettings = {
				CODE_SIGN_STYLE = Automatic;
				CURRENT_PROJECT_VERSION = 1;
				DEVELOPMENT_TEAM = 4R69QV6VC5;
				GENERATE_INFOPLIST_FILE = YES;
				IPHONEOS_DEPLOYMENT_TARGET = 17.0;
				MARKETING_VERSION = 1.0;
				PRODUCT_BUNDLE_IDENTIFIER = com.app.FocusLandUITests;
				PRODUCT_NAME = "$(TARGET_NAME)";
				SWIFT_EMIT_LOC_STRINGS = NO;
				SWIFT_VERSION = 5.0;
				TARGETED_DEVICE_FAMILY = "1,2";
				TEST_TARGET_NAME = FocusLand;
			};
			name = Release;
		};
/* End XCBuildConfiguration section */

/* Begin XCConfigurationList section */
		83B2F7CA2D1075D8002D3AEF /* Build configuration list for PBXProject "FocusLand" */ = {
			isa = XCConfigurationList;
			buildConfigurations = (
				83B2F7F12D1075D9002D3AEF /* Debug */,
				83B2F7F22D1075D9002D3AEF /* Release */,
			);
			defaultConfigurationIsVisible = 0;
			defaultConfigurationName = Release;
		};
		83B2F7F32D1075D9002D3AEF /* Build configuration list for PBXNativeTarget "FocusLand" */ = {
			isa = XCConfigurationList;
			buildConfigurations = (
				83B2F7F42D1075D9002D3AEF /* Debug */,
				83B2F7F52D1075D9002D3AEF /* Release */,
			);
			defaultConfigurationIsVisible = 0;
			defaultConfigurationName = Release;
		};
		83B2F7F62D1075D9002D3AEF /* Build configuration list for PBXNativeTarget "FocusLandTests" */ = {
			isa = XCConfigurationList;
			buildConfigurations = (
				83B2F7F72D1075D9002D3AEF /* Debug */,
				83B2F7F82D1075D9002D3AEF /* Release */,
			);
			defaultConfigurationIsVisible = 0;
			defaultConfigurationName = Release;
		};
		83B2F7F92D1075D9002D3AEF /* Build configuration list for PBXNativeTarget "FocusLandUITests" */ = {
			isa = XCConfigurationList;
			buildConfigurations = (
				83B2F7FA2D1075D9002D3AEF /* Debug */,
				83B2F7FB2D1075D9002D3AEF /* Release */,
			);
			defaultConfigurationIsVisible = 0;
			defaultConfigurationName = Release;
		};
/* End XCConfigurationList section */

/* Begin XCRemoteSwiftPackageReference section */
		8383862C2D19906F000653A2 /* XCRemoteSwiftPackageReference "ios-sdk" */ = {
			isa = XCRemoteSwiftPackageReference;
			repositoryURL = "https://github.com/spotify/ios-sdk";
			requirement = {
				branch = master;
				kind = branch;
			};
		};
/* End XCRemoteSwiftPackageReference section */

/* Begin XCSwiftPackageProductDependency section */
		8383862D2D19906F000653A2 /* SpotifyiOS */ = {
			isa = XCSwiftPackageProductDependency;
			package = 8383862C2D19906F000653A2 /* XCRemoteSwiftPackageReference "ios-sdk" */;
			productName = SpotifyiOS;
		};
/* End XCSwiftPackageProductDependency section */
	};
	rootObject = 83B2F7C72D1075D8002D3AEF /* Project object */;
}
